
Microsoft Visual Studio Solution File, Format Version 12.00
# Visual Studio Version 16
VisualStudioVersion = 16.0.30002.166
MinimumVisualStudioVersion = 10.0.40219.1
Project("{FAE04EC0-301F-11D3-BF4B-00C04F79EFBC}") = "AsyncAwaitDemo", "AsyncAwaitDemo\AsyncAwaitDemo.csproj", "{6E56C0E6-6707-42BA-BEE1-C29C1C945E2E}"
EndProject
Global
	GlobalSection(SolutionConfigurationPlatforms) = preSolution
		Debug|Any CPU = Debug|Any CPU
		Release|Any CPU = Release|Any CPU
	EndGlobalSection
	GlobalSection(ProjectConfigurationPlatforms) = postSolution
		{6E56C0E6-6707-42BA-BEE1-C29C1C945E2E}.Debug|Any CPU.ActiveCfg = Debug|Any CPU
		{6E56C0E6-6707-42BA-BEE1-C29C1C945E2E}.Debug|Any CPU.Build.0 = Debug|Any CPU
		{6E56C0E6-6707-42BA-BEE1-C29C1C945E2E}.Release|Any CPU.ActiveCfg = Release|Any CPU
		{6E56C0E6-6707-42BA-BEE1-C29C1C945E2E}.Release|Any CPU.Build.0 = Release|Any CPU
	EndGlobalSection
	GlobalSection(SolutionProperties) = preSolution
		HideSolutionNode = FALSE
	EndGlobalSection
	GlobalSection(ExtensibilityGlobals) = postSolution
		SolutionGuid = {23BD6F59-A7A2-453B-A262-784C5329D25A}
	EndGlobalSection
EndGlobal
